
Microsoft Visual Studio Solution File, Format Version 12.00
# Visual Studio Version 17
VisualStudioVersion = 17.13.35828.75 d17.13
MinimumVisualStudioVersion = 10.0.40219.1
Project("{FAE04EC0-301F-11D3-BF4B-00C04F79EFBC}") = "08Interface", "08Interface\08Interface.csproj", "{26E70E5E-90B1-420B-9C43-26D37D0C9559}"
EndProject
Global
	GlobalSection(SolutionConfigurationPlatforms) = preSolution
		Debug|Any CPU = Debug|Any CPU
		Release|Any CPU = Release|Any CPU
	EndGlobalSection
	GlobalSection(ProjectConfigurationPlatforms) = postSolution
		{26E70E5E-90B1-420B-9C43-26D37D0C9559}.Debug|Any CPU.ActiveCfg = Debug|Any CPU
		{26E70E5E-90B1-420B-9C43-26D37D0C9559}.Debug|Any CPU.Build.0 = Debug|Any CPU
		{26E70E5E-90B1-420B-9C43-26D37D0C9559}.Release|Any CPU.ActiveCfg = Release|Any CPU
		{26E70E5E-90B1-420B-9C43-26D37D0C9559}.Release|Any CPU.Build.0 = Release|Any CPU
	EndGlobalSection
	GlobalSection(SolutionProperties) = preSolution
		HideSolutionNode = FALSE
	EndGlobalSection
	GlobalSection(ExtensibilityGlobals) = postSolution
		SolutionGuid = {D40B8A61-519D-4AF5-8C7A-AD59991B8632}
	EndGlobalSection
EndGlobal
