
Microsoft Visual Studio Solution File, Format Version 12.00
# Visual Studio Version 17
VisualStudioVersion = 17.13.35828.75 d17.13
MinimumVisualStudioVersion = 10.0.40219.1
Project("{FAE04EC0-301F-11D3-BF4B-00C04F79EFBC}") = "exercicio03", "exercicio03\exercicio03.csproj", "{792D0B2B-F290-429B-9DAC-E52992C5F983}"
EndProject
Global
	GlobalSection(SolutionConfigurationPlatforms) = preSolution
		Debug|Any CPU = Debug|Any CPU
		Release|Any CPU = Release|Any CPU
	EndGlobalSection
	GlobalSection(ProjectConfigurationPlatforms) = postSolution
		{792D0B2B-F290-429B-9DAC-E52992C5F983}.Debug|Any CPU.ActiveCfg = Debug|Any CPU
		{792D0B2B-F290-429B-9DAC-E52992C5F983}.Debug|Any CPU.Build.0 = Debug|Any CPU
		{792D0B2B-F290-429B-9DAC-E52992C5F983}.Release|Any CPU.ActiveCfg = Release|Any CPU
		{792D0B2B-F290-429B-9DAC-E52992C5F983}.Release|Any CPU.Build.0 = Release|Any CPU
	EndGlobalSection
	GlobalSection(SolutionProperties) = preSolution
		HideSolutionNode = FALSE
	EndGlobalSection
	GlobalSection(ExtensibilityGlobals) = postSolution
		SolutionGuid = {74017EB8-5030-4337-817E-61112DE741A6}
	EndGlobalSection
EndGlobal
